
Microsoft Visual Studio Solution File, Format Version 12.00
# Visual Studio Version 16
VisualStudioVersion = 16.0.31624.102
MinimumVisualStudioVersion = 10.0.40219.1
Project("{8BC9CEB8-8B4A-11D0-8D11-00A0C91BC942}") = "Misc-Cpp-Expts", "Misc-Cpp-Expts.vcxproj", "{CE40E278-1979-4B80-B212-694F8448427F}"
EndProject
Global
	GlobalSection(SolutionConfigurationPlatforms) = preSolution
		Debug|x64 = Debug|x64
		Debug|x86 = Debug|x86
		Release|x64 = Release|x64
		Release|x86 = Release|x86
	EndGlobalSection
	GlobalSection(ProjectConfigurationPlatforms) = postSolution
		{CE40E278-1979-4B80-B212-694F8448427F}.Debug|x64.ActiveCfg = Debug|x64
		{CE40E278-1979-4B80-B212-694F8448427F}.Debug|x64.Build.0 = Debug|x64
		{CE40E278-1979-4B80-B212-694F8448427F}.Debug|x86.ActiveCfg = Debug|Win32
		{CE40E278-1979-4B80-B212-694F8448427F}.Debug|x86.Build.0 = Debug|Win32
		{CE40E278-1979-4B80-B212-694F8448427F}.Release|x64.ActiveCfg = Release|x64
		{CE40E278-1979-4B80-B212-694F8448427F}.Release|x64.Build.0 = Release|x64
		{CE40E278-1979-4B80-B212-694F8448427F}.Release|x86.ActiveCfg = Release|Win32
		{CE40E278-1979-4B80-B212-694F8448427F}.Release|x86.Build.0 = Release|Win32
	EndGlobalSection
	GlobalSection(SolutionProperties) = preSolution
		HideSolutionNode = FALSE
	EndGlobalSection
	GlobalSection(ExtensibilityGlobals) = postSolution
		SolutionGuid = {501A9095-D59A-4BAC-B634-3D727D865215}
	EndGlobalSection
EndGlobal
